
Microsoft Visual Studio Solution File, Format Version 12.00
# Visual Studio 14
VisualStudioVersion = 14.0.25420.1
MinimumVisualStudioVersion = 10.0.40219.1
Project("{FAE04EC0-301F-11D3-BF4B-00C04F79EFBC}") = "dbserver", "dbserver\dbserver.csproj", "{6F4245B3-8FF3-4464-AAFD-49270A5AE00C}"
EndProject
Project("{FAE04EC0-301F-11D3-BF4B-00C04F79EFBC}") = "mainapp", "mainapp\mainapp.csproj", "{D1C38F3E-C80A-46F4-86AB-5ADB21FF886C}"
EndProject
Project("{FAE04EC0-301F-11D3-BF4B-00C04F79EFBC}") = "builtinapp", "builtinapp\builtinapp.csproj", "{D5912ABF-15C5-4E7B-AB51-3D15C0CE9DA0}"
EndProject
Project("{FAE04EC0-301F-11D3-BF4B-00C04F79EFBC}") = "Crad.Windows.Forms.Actions", "Crad.Windows.Forms.Actions\Crad.Windows.Forms.Actions.csproj", "{6E50D1BD-D8EA-4992-8B25-C5A0D7E179A5}"
EndProject
Project("{FAE04EC0-301F-11D3-BF4B-00C04F79EFBC}") = "adminapp", "adminapp\adminapp.csproj", "{9BF1EE6A-8A55-459C-BC9D-63465DEC6397}"
EndProject
Project("{FAE04EC0-301F-11D3-BF4B-00C04F79EFBC}") = "plugin_1", "PLUGINS\plugin_1\plugin_1.csproj", "{49E154B6-97E2-44C0-B99C-B8B3B1101B12}"
EndProject
Project("{FAE04EC0-301F-11D3-BF4B-00C04F79EFBC}") = "plugin_2", "PLUGINS\plugin_2\plugin_2.csproj", "{CDCBFD2A-309B-47EB-8B1E-170C32345247}"
EndProject
Project("{FAE04EC0-301F-11D3-BF4B-00C04F79EFBC}") = "querybuilder", "querybuilder\querybuilder.csproj", "{F2870D68-EB7E-463C-AE16-E04471A2EDDE}"
EndProject
Project("{FAE04EC0-301F-11D3-BF4B-00C04F79EFBC}") = "gridcells", "gridcells\gridcells.csproj", "{336D617A-AEA2-444B-BC11-83EE52F8AFEA}"
EndProject
Project("{FAE04EC0-301F-11D3-BF4B-00C04F79EFBC}") = "usercontrol", "usercontrol\usercontrol.csproj", "{B614B4A7-BB0B-49E5-B1A4-ED04E7A738C7}"
EndProject
Project("{FAE04EC0-301F-11D3-BF4B-00C04F79EFBC}") = "rfcmanag", "rfcmanag\rfcmanag.csproj", "{37388BAC-9D0B-44EA-97F2-18EC55A3696B}"
EndProject
Project("{FAE04EC0-301F-11D3-BF4B-00C04F79EFBC}") = "reportmanag", "reportmanag\reportmanag.csproj", "{5FFFFAE9-062E-4356-AA63-FCED63651EEA}"
EndProject
Project("{FAE04EC0-301F-11D3-BF4B-00C04F79EFBC}") = "report1", "REPORTS\report1\report1.csproj", "{0E56D59C-6CAB-4C15-9C0A-7F8824B7A922}"
EndProject
Project("{FAE04EC0-301F-11D3-BF4B-00C04F79EFBC}") = "report2", "REPORTS\report2\report2.csproj", "{660C31EA-E7F2-4CE1-A2E1-7FE7A7D70AA1}"
EndProject
Project("{FAE04EC0-301F-11D3-BF4B-00C04F79EFBC}") = "report3", "REPORTS\report3\report3.csproj", "{CA6D734B-3D7F-4C84-919D-D60DAA5A66AF}"
EndProject
Project("{FAE04EC0-301F-11D3-BF4B-00C04F79EFBC}") = "propertygrid", "propertygrid\propertygrid.csproj", "{212464C4-4800-4E1D-B491-2A7F6522014F}"
EndProject
Project("{FAE04EC0-301F-11D3-BF4B-00C04F79EFBC}") = "DataGridViewGG", "dataGridViewGG\DataGridViewGG.csproj", "{6E170AA4-0CC0-40CC-8574-A55124712EBE}"
EndProject
Project("{FAE04EC0-301F-11D3-BF4B-00C04F79EFBC}") = "DataGridViewGGControl", "dataGridViewGGControl\DataGridViewGGControl.csproj", "{B547A419-989B-4EF6-AD0C-E21E80224AFB}"
EndProject
Project("{FAE04EC0-301F-11D3-BF4B-00C04F79EFBC}") = "plugin_3", "PLUGINS\plugin_3\plugin_3.csproj", "{71319B12-65C0-463A-8BD2-2396D3FC5BA5}"
EndProject
Project("{FAE04EC0-301F-11D3-BF4B-00C04F79EFBC}") = "ExcelManager", "excelmanag\ExcelManager.csproj", "{FE8FC1B3-9F15-41A3-8523-2B7850749A9A}"
EndProject
Project("{FAE04EC0-301F-11D3-BF4B-00C04F79EFBC}") = "arhmanag", "arhmanag\arhmanag.csproj", "{23495C52-A16F-4E7E-9401-C4721F9406A4}"
EndProject
Project("{FAE04EC0-301F-11D3-BF4B-00C04F79EFBC}") = "prip_pl", "PLUGINS\prip_pl\prip_pl.csproj", "{340E4F30-C552-46F5-8550-8C72D7BEFB54}"
EndProject
Project("{2150E333-8FDC-42A3-9474-1A3956D46DE8}") = "plugins", "plugins", "{D99B613C-6118-470F-B224-E946C4AA926B}"
EndProject
Project("{2150E333-8FDC-42A3-9474-1A3956D46DE8}") = "reports", "reports", "{7E272FA2-9248-4697-B93D-C7455DFEDD5B}"
	ProjectSection(SolutionItems) = preProject
		BIN\Debug\reports\xml\reportExample1.xml = BIN\Debug\reports\xml\reportExample1.xml
		BIN\Debug\reports\xml\reportExample2.xml = BIN\Debug\reports\xml\reportExample2.xml
		BIN\Debug\resource\reportXml.xsd = BIN\Debug\resource\reportXml.xsd
	EndProjectSection
EndProject
Project("{FAE04EC0-301F-11D3-BF4B-00C04F79EFBC}") = "reportXml", "reportXml\reportXml.csproj", "{315AA043-A4F9-453D-BF48-AD94731BC10C}"
EndProject
Project("{FAE04EC0-301F-11D3-BF4B-00C04F79EFBC}") = "RegManager", "RegManager\RegManager.csproj", "{93678840-5FA3-4810-80E4-0A6FB6B3FA00}"
EndProject
Project("{FAE04EC0-301F-11D3-BF4B-00C04F79EFBC}") = "validXml", "validXml\validXml.csproj", "{74FE2E4E-8B77-40B1-9E15-DB511FB6A10A}"
EndProject
Project("{FAE04EC0-301F-11D3-BF4B-00C04F79EFBC}") = "SimRFC", "PLUGINS\SimRFC\SimRFC.csproj", "{6C9517D0-4ECE-4816-9EB5-104F014A12B8}"
EndProject
Project("{FAE04EC0-301F-11D3-BF4B-00C04F79EFBC}") = "adresmanag", "adresmanag\adresmanag.csproj", "{D55647E9-0139-42BE-B7A2-63D6FC4A9B23}"
EndProject
Project("{FAE04EC0-301F-11D3-BF4B-00C04F79EFBC}") = "SimPrihodT", "PLUGINS\SimPrihodTovar\SimPrihodT.csproj", "{5A1D57D3-D193-478A-9FCF-28A5467535FE}"
EndProject
Project("{FAE04EC0-301F-11D3-BF4B-00C04F79EFBC}") = "SimMoveT", "PLUGINS\SimMoveTovar\SimMoveT.csproj", "{3D2A95FA-5C8A-42BF-AFAF-85194A13A125}"
EndProject
Project("{FAE04EC0-301F-11D3-BF4B-00C04F79EFBC}") = "SimWorkT", "PLUGINS\SimWorkTovar\SimWorkT.csproj", "{227C1E93-9E15-4ADE-AE4F-D484B775120D}"
EndProject
Project("{FAE04EC0-301F-11D3-BF4B-00C04F79EFBC}") = "SimEtalonNom", "PLUGINS\SimEtalonNom\SimEtalonNom.csproj", "{EBCEE2A6-EC5F-4D8B-AF28-86AA65F99E81}"
EndProject
Project("{FAE04EC0-301F-11D3-BF4B-00C04F79EFBC}") = "SimRodnNom", "PLUGINS\SimRodnNom\SimRodnNom.csproj", "{452F1499-23C4-4E85-8679-ECEC27DD71B8}"
EndProject
Project("{FAE04EC0-301F-11D3-BF4B-00C04F79EFBC}") = "SimPostavNom", "PLUGINS\SimPostavNom\SimPostavNom.csproj", "{DDF25AB7-FEB4-4C21-8E4F-EDBCF84E1F90}"
EndProject
Project("{FAE04EC0-301F-11D3-BF4B-00C04F79EFBC}") = "ConfGrid", "configgrid\ConfGrid.csproj", "{907B03A2-6168-4396-BA97-245D35CB662A}"
EndProject
Project("{FAE04EC0-301F-11D3-BF4B-00C04F79EFBC}") = "webService", "PLUGINS\webService\webService.csproj", "{4D56EBA2-D351-4653-B2FF-53CDCA5A362C}"
EndProject
Project("{FAE04EC0-301F-11D3-BF4B-00C04F79EFBC}") = "WSProf", "PLUGINS\WSProf\WSProf.csproj", "{388CC941-6696-4CD6-9E9D-F3137A85450F}"
EndProject
Project("{FAE04EC0-301F-11D3-BF4B-00C04F79EFBC}") = "WSAttach", "PLUGINS\WSAttach\WSAttach.csproj", "{EF1A3AD4-3403-4066-931A-DE8557DA98D5}"
EndProject
Project("{FAE04EC0-301F-11D3-BF4B-00C04F79EFBC}") = "DBFBulk", "dbfbulk\DBFBulk.csproj", "{EE31D46E-0E71-412E-A386-81A44BA12619}"
EndProject
Global
	GlobalSection(SolutionConfigurationPlatforms) = preSolution
		Debug|Any CPU = Debug|Any CPU
		Release|Any CPU = Release|Any CPU
	EndGlobalSection
	GlobalSection(ProjectConfigurationPlatforms) = postSolution
		{6F4245B3-8FF3-4464-AAFD-49270A5AE00C}.Debug|Any CPU.ActiveCfg = Debug|Any CPU
		{6F4245B3-8FF3-4464-AAFD-49270A5AE00C}.Debug|Any CPU.Build.0 = Debug|Any CPU
		{6F4245B3-8FF3-4464-AAFD-49270A5AE00C}.Release|Any CPU.ActiveCfg = Release|Any CPU
		{6F4245B3-8FF3-4464-AAFD-49270A5AE00C}.Release|Any CPU.Build.0 = Release|Any CPU
		{D1C38F3E-C80A-46F4-86AB-5ADB21FF886C}.Debug|Any CPU.ActiveCfg = Debug|Any CPU
		{D1C38F3E-C80A-46F4-86AB-5ADB21FF886C}.Debug|Any CPU.Build.0 = Debug|Any CPU
		{D1C38F3E-C80A-46F4-86AB-5ADB21FF886C}.Release|Any CPU.ActiveCfg = Release|Any CPU
		{D1C38F3E-C80A-46F4-86AB-5ADB21FF886C}.Release|Any CPU.Build.0 = Release|Any CPU
		{D5912ABF-15C5-4E7B-AB51-3D15C0CE9DA0}.Debug|Any CPU.ActiveCfg = Debug|Any CPU
		{D5912ABF-15C5-4E7B-AB51-3D15C0CE9DA0}.Debug|Any CPU.Build.0 = Debug|Any CPU
		{D5912ABF-15C5-4E7B-AB51-3D15C0CE9DA0}.Release|Any CPU.ActiveCfg = Release|Any CPU
		{D5912ABF-15C5-4E7B-AB51-3D15C0CE9DA0}.Release|Any CPU.Build.0 = Release|Any CPU
		{6E50D1BD-D8EA-4992-8B25-C5A0D7E179A5}.Debug|Any CPU.ActiveCfg = Debug|Any CPU
		{6E50D1BD-D8EA-4992-8B25-C5A0D7E179A5}.Debug|Any CPU.Build.0 = Debug|Any CPU
		{6E50D1BD-D8EA-4992-8B25-C5A0D7E179A5}.Release|Any CPU.ActiveCfg = Release|Any CPU
		{6E50D1BD-D8EA-4992-8B25-C5A0D7E179A5}.Release|Any CPU.Build.0 = Release|Any CPU
		{9BF1EE6A-8A55-459C-BC9D-63465DEC6397}.Debug|Any CPU.ActiveCfg = Debug|Any CPU
		{9BF1EE6A-8A55-459C-BC9D-63465DEC6397}.Debug|Any CPU.Build.0 = Debug|Any CPU
		{9BF1EE6A-8A55-459C-BC9D-63465DEC6397}.Release|Any CPU.ActiveCfg = Release|Any CPU
		{9BF1EE6A-8A55-459C-BC9D-63465DEC6397}.Release|Any CPU.Build.0 = Release|Any CPU
		{49E154B6-97E2-44C0-B99C-B8B3B1101B12}.Debug|Any CPU.ActiveCfg = Debug|Any CPU
		{49E154B6-97E2-44C0-B99C-B8B3B1101B12}.Debug|Any CPU.Build.0 = Debug|Any CPU
		{49E154B6-97E2-44C0-B99C-B8B3B1101B12}.Release|Any CPU.ActiveCfg = Release|Any CPU
		{49E154B6-97E2-44C0-B99C-B8B3B1101B12}.Release|Any CPU.Build.0 = Release|Any CPU
		{CDCBFD2A-309B-47EB-8B1E-170C32345247}.Debug|Any CPU.ActiveCfg = Debug|Any CPU
		{CDCBFD2A-309B-47EB-8B1E-170C32345247}.Debug|Any CPU.Build.0 = Debug|Any CPU
		{CDCBFD2A-309B-47EB-8B1E-170C32345247}.Release|Any CPU.ActiveCfg = Release|Any CPU
		{CDCBFD2A-309B-47EB-8B1E-170C32345247}.Release|Any CPU.Build.0 = Release|Any CPU
		{F2870D68-EB7E-463C-AE16-E04471A2EDDE}.Debug|Any CPU.ActiveCfg = Debug|Any CPU
		{F2870D68-EB7E-463C-AE16-E04471A2EDDE}.Debug|Any CPU.Build.0 = Debug|Any CPU
		{F2870D68-EB7E-463C-AE16-E04471A2EDDE}.Release|Any CPU.ActiveCfg = Release|Any CPU
		{F2870D68-EB7E-463C-AE16-E04471A2EDDE}.Release|Any CPU.Build.0 = Release|Any CPU
		{336D617A-AEA2-444B-BC11-83EE52F8AFEA}.Debug|Any CPU.ActiveCfg = Debug|Any CPU
		{336D617A-AEA2-444B-BC11-83EE52F8AFEA}.Debug|Any CPU.Build.0 = Debug|Any CPU
		{336D617A-AEA2-444B-BC11-83EE52F8AFEA}.Release|Any CPU.ActiveCfg = Release|Any CPU
		{336D617A-AEA2-444B-BC11-83EE52F8AFEA}.Release|Any CPU.Build.0 = Release|Any CPU
		{B614B4A7-BB0B-49E5-B1A4-ED04E7A738C7}.Debug|Any CPU.ActiveCfg = Debug|Any CPU
		{B614B4A7-BB0B-49E5-B1A4-ED04E7A738C7}.Debug|Any CPU.Build.0 = Debug|Any CPU
		{B614B4A7-BB0B-49E5-B1A4-ED04E7A738C7}.Release|Any CPU.ActiveCfg = Release|Any CPU
		{B614B4A7-BB0B-49E5-B1A4-ED04E7A738C7}.Release|Any CPU.Build.0 = Release|Any CPU
		{37388BAC-9D0B-44EA-97F2-18EC55A3696B}.Debug|Any CPU.ActiveCfg = Debug|Any CPU
		{37388BAC-9D0B-44EA-97F2-18EC55A3696B}.Debug|Any CPU.Build.0 = Debug|Any CPU
		{37388BAC-9D0B-44EA-97F2-18EC55A3696B}.Release|Any CPU.ActiveCfg = Release|Any CPU
		{37388BAC-9D0B-44EA-97F2-18EC55A3696B}.Release|Any CPU.Build.0 = Release|Any CPU
		{5FFFFAE9-062E-4356-AA63-FCED63651EEA}.Debug|Any CPU.ActiveCfg = Debug|Any CPU
		{5FFFFAE9-062E-4356-AA63-FCED63651EEA}.Debug|Any CPU.Build.0 = Debug|Any CPU
		{5FFFFAE9-062E-4356-AA63-FCED63651EEA}.Release|Any CPU.ActiveCfg = Release|Any CPU
		{5FFFFAE9-062E-4356-AA63-FCED63651EEA}.Release|Any CPU.Build.0 = Release|Any CPU
		{0E56D59C-6CAB-4C15-9C0A-7F8824B7A922}.Debug|Any CPU.ActiveCfg = Debug|Any CPU
		{0E56D59C-6CAB-4C15-9C0A-7F8824B7A922}.Debug|Any CPU.Build.0 = Debug|Any CPU
		{0E56D59C-6CAB-4C15-9C0A-7F8824B7A922}.Release|Any CPU.ActiveCfg = Release|Any CPU
		{0E56D59C-6CAB-4C15-9C0A-7F8824B7A922}.Release|Any CPU.Build.0 = Release|Any CPU
		{660C31EA-E7F2-4CE1-A2E1-7FE7A7D70AA1}.Debug|Any CPU.ActiveCfg = Debug|Any CPU
		{660C31EA-E7F2-4CE1-A2E1-7FE7A7D70AA1}.Debug|Any CPU.Build.0 = Debug|Any CPU
		{660C31EA-E7F2-4CE1-A2E1-7FE7A7D70AA1}.Release|Any CPU.ActiveCfg = Release|Any CPU
		{660C31EA-E7F2-4CE1-A2E1-7FE7A7D70AA1}.Release|Any CPU.Build.0 = Release|Any CPU
		{CA6D734B-3D7F-4C84-919D-D60DAA5A66AF}.Debug|Any CPU.ActiveCfg = Debug|Any CPU
		{CA6D734B-3D7F-4C84-919D-D60DAA5A66AF}.Debug|Any CPU.Build.0 = Debug|Any CPU
		{CA6D734B-3D7F-4C84-919D-D60DAA5A66AF}.Release|Any CPU.ActiveCfg = Release|Any CPU
		{CA6D734B-3D7F-4C84-919D-D60DAA5A66AF}.Release|Any CPU.Build.0 = Release|Any CPU
		{212464C4-4800-4E1D-B491-2A7F6522014F}.Debug|Any CPU.ActiveCfg = Debug|Any CPU
		{212464C4-4800-4E1D-B491-2A7F6522014F}.Debug|Any CPU.Build.0 = Debug|Any CPU
		{212464C4-4800-4E1D-B491-2A7F6522014F}.Release|Any CPU.ActiveCfg = Release|Any CPU
		{212464C4-4800-4E1D-B491-2A7F6522014F}.Release|Any CPU.Build.0 = Release|Any CPU
		{6E170AA4-0CC0-40CC-8574-A55124712EBE}.Debug|Any CPU.ActiveCfg = Debug|Any CPU
		{6E170AA4-0CC0-40CC-8574-A55124712EBE}.Debug|Any CPU.Build.0 = Debug|Any CPU
		{6E170AA4-0CC0-40CC-8574-A55124712EBE}.Release|Any CPU.ActiveCfg = Release|Any CPU
		{6E170AA4-0CC0-40CC-8574-A55124712EBE}.Release|Any CPU.Build.0 = Release|Any CPU
		{B547A419-989B-4EF6-AD0C-E21E80224AFB}.Debug|Any CPU.ActiveCfg = Debug|Any CPU
		{B547A419-989B-4EF6-AD0C-E21E80224AFB}.Debug|Any CPU.Build.0 = Debug|Any CPU
		{B547A419-989B-4EF6-AD0C-E21E80224AFB}.Release|Any CPU.ActiveCfg = Release|Any CPU
		{B547A419-989B-4EF6-AD0C-E21E80224AFB}.Release|Any CPU.Build.0 = Release|Any CPU
		{71319B12-65C0-463A-8BD2-2396D3FC5BA5}.Debug|Any CPU.ActiveCfg = Debug|Any CPU
		{71319B12-65C0-463A-8BD2-2396D3FC5BA5}.Debug|Any CPU.Build.0 = Debug|Any CPU
		{71319B12-65C0-463A-8BD2-2396D3FC5BA5}.Release|Any CPU.ActiveCfg = Release|Any CPU
		{71319B12-65C0-463A-8BD2-2396D3FC5BA5}.Release|Any CPU.Build.0 = Release|Any CPU
		{FE8FC1B3-9F15-41A3-8523-2B7850749A9A}.Debug|Any CPU.ActiveCfg = Debug|Any CPU
		{FE8FC1B3-9F15-41A3-8523-2B7850749A9A}.Debug|Any CPU.Build.0 = Debug|Any CPU
		{FE8FC1B3-9F15-41A3-8523-2B7850749A9A}.Release|Any CPU.ActiveCfg = Release|Any CPU
		{FE8FC1B3-9F15-41A3-8523-2B7850749A9A}.Release|Any CPU.Build.0 = Release|Any CPU
		{23495C52-A16F-4E7E-9401-C4721F9406A4}.Debug|Any CPU.ActiveCfg = Debug|Any CPU
		{23495C52-A16F-4E7E-9401-C4721F9406A4}.Debug|Any CPU.Build.0 = Debug|Any CPU
		{23495C52-A16F-4E7E-9401-C4721F9406A4}.Release|Any CPU.ActiveCfg = Release|Any CPU
		{23495C52-A16F-4E7E-9401-C4721F9406A4}.Release|Any CPU.Build.0 = Release|Any CPU
		{340E4F30-C552-46F5-8550-8C72D7BEFB54}.Debug|Any CPU.ActiveCfg = Debug|Any CPU
		{340E4F30-C552-46F5-8550-8C72D7BEFB54}.Debug|Any CPU.Build.0 = Debug|Any CPU
		{340E4F30-C552-46F5-8550-8C72D7BEFB54}.Release|Any CPU.ActiveCfg = Release|Any CPU
		{340E4F30-C552-46F5-8550-8C72D7BEFB54}.Release|Any CPU.Build.0 = Release|Any CPU
		{315AA043-A4F9-453D-BF48-AD94731BC10C}.Debug|Any CPU.ActiveCfg = Debug|Any CPU
		{315AA043-A4F9-453D-BF48-AD94731BC10C}.Debug|Any CPU.Build.0 = Debug|Any CPU
		{315AA043-A4F9-453D-BF48-AD94731BC10C}.Release|Any CPU.ActiveCfg = Release|Any CPU
		{315AA043-A4F9-453D-BF48-AD94731BC10C}.Release|Any CPU.Build.0 = Release|Any CPU
		{93678840-5FA3-4810-80E4-0A6FB6B3FA00}.Debug|Any CPU.ActiveCfg = Debug|Any CPU
		{93678840-5FA3-4810-80E4-0A6FB6B3FA00}.Debug|Any CPU.Build.0 = Debug|Any CPU
		{93678840-5FA3-4810-80E4-0A6FB6B3FA00}.Release|Any CPU.ActiveCfg = Release|Any CPU
		{93678840-5FA3-4810-80E4-0A6FB6B3FA00}.Release|Any CPU.Build.0 = Release|Any CPU
		{74FE2E4E-8B77-40B1-9E15-DB511FB6A10A}.Debug|Any CPU.ActiveCfg = Debug|Any CPU
		{74FE2E4E-8B77-40B1-9E15-DB511FB6A10A}.Debug|Any CPU.Build.0 = Debug|Any CPU
		{74FE2E4E-8B77-40B1-9E15-DB511FB6A10A}.Release|Any CPU.ActiveCfg = Release|Any CPU
		{74FE2E4E-8B77-40B1-9E15-DB511FB6A10A}.Release|Any CPU.Build.0 = Release|Any CPU
		{6C9517D0-4ECE-4816-9EB5-104F014A12B8}.Debug|Any CPU.ActiveCfg = Debug|Any CPU
		{6C9517D0-4ECE-4816-9EB5-104F014A12B8}.Debug|Any CPU.Build.0 = Debug|Any CPU
		{6C9517D0-4ECE-4816-9EB5-104F014A12B8}.Release|Any CPU.ActiveCfg = Release|Any CPU
		{6C9517D0-4ECE-4816-9EB5-104F014A12B8}.Release|Any CPU.Build.0 = Release|Any CPU
		{D55647E9-0139-42BE-B7A2-63D6FC4A9B23}.Debug|Any CPU.ActiveCfg = Debug|Any CPU
		{D55647E9-0139-42BE-B7A2-63D6FC4A9B23}.Debug|Any CPU.Build.0 = Debug|Any CPU
		{D55647E9-0139-42BE-B7A2-63D6FC4A9B23}.Release|Any CPU.ActiveCfg = Release|Any CPU
		{D55647E9-0139-42BE-B7A2-63D6FC4A9B23}.Release|Any CPU.Build.0 = Release|Any CPU
		{5A1D57D3-D193-478A-9FCF-28A5467535FE}.Debug|Any CPU.ActiveCfg = Debug|Any CPU
		{5A1D57D3-D193-478A-9FCF-28A5467535FE}.Debug|Any CPU.Build.0 = Debug|Any CPU
		{5A1D57D3-D193-478A-9FCF-28A5467535FE}.Release|Any CPU.ActiveCfg = Release|Any CPU
		{5A1D57D3-D193-478A-9FCF-28A5467535FE}.Release|Any CPU.Build.0 = Release|Any CPU
		{3D2A95FA-5C8A-42BF-AFAF-85194A13A125}.Debug|Any CPU.ActiveCfg = Debug|Any CPU
		{3D2A95FA-5C8A-42BF-AFAF-85194A13A125}.Debug|Any CPU.Build.0 = Debug|Any CPU
		{3D2A95FA-5C8A-42BF-AFAF-85194A13A125}.Release|Any CPU.ActiveCfg = Release|Any CPU
		{3D2A95FA-5C8A-42BF-AFAF-85194A13A125}.Release|Any CPU.Build.0 = Release|Any CPU
		{227C1E93-9E15-4ADE-AE4F-D484B775120D}.Debug|Any CPU.ActiveCfg = Debug|Any CPU
		{227C1E93-9E15-4ADE-AE4F-D484B775120D}.Debug|Any CPU.Build.0 = Debug|Any CPU
		{227C1E93-9E15-4ADE-AE4F-D484B775120D}.Release|Any CPU.ActiveCfg = Release|Any CPU
		{227C1E93-9E15-4ADE-AE4F-D484B775120D}.Release|Any CPU.Build.0 = Release|Any CPU
		{EBCEE2A6-EC5F-4D8B-AF28-86AA65F99E81}.Debug|Any CPU.ActiveCfg = Debug|Any CPU
		{EBCEE2A6-EC5F-4D8B-AF28-86AA65F99E81}.Debug|Any CPU.Build.0 = Debug|Any CPU
		{EBCEE2A6-EC5F-4D8B-AF28-86AA65F99E81}.Release|Any CPU.ActiveCfg = Release|Any CPU
		{EBCEE2A6-EC5F-4D8B-AF28-86AA65F99E81}.Release|Any CPU.Build.0 = Release|Any CPU
		{452F1499-23C4-4E85-8679-ECEC27DD71B8}.Debug|Any CPU.ActiveCfg = Debug|Any CPU
		{452F1499-23C4-4E85-8679-ECEC27DD71B8}.Debug|Any CPU.Build.0 = Debug|Any CPU
		{452F1499-23C4-4E85-8679-ECEC27DD71B8}.Release|Any CPU.ActiveCfg = Release|Any CPU
		{452F1499-23C4-4E85-8679-ECEC27DD71B8}.Release|Any CPU.Build.0 = Release|Any CPU
		{DDF25AB7-FEB4-4C21-8E4F-EDBCF84E1F90}.Debug|Any CPU.ActiveCfg = Debug|Any CPU
		{DDF25AB7-FEB4-4C21-8E4F-EDBCF84E1F90}.Debug|Any CPU.Build.0 = Debug|Any CPU
		{DDF25AB7-FEB4-4C21-8E4F-EDBCF84E1F90}.Release|Any CPU.ActiveCfg = Release|Any CPU
		{DDF25AB7-FEB4-4C21-8E4F-EDBCF84E1F90}.Release|Any CPU.Build.0 = Release|Any CPU
		{907B03A2-6168-4396-BA97-245D35CB662A}.Debug|Any CPU.ActiveCfg = Debug|Any CPU
		{907B03A2-6168-4396-BA97-245D35CB662A}.Debug|Any CPU.Build.0 = Debug|Any CPU
		{907B03A2-6168-4396-BA97-245D35CB662A}.Release|Any CPU.ActiveCfg = Release|Any CPU
		{907B03A2-6168-4396-BA97-245D35CB662A}.Release|Any CPU.Build.0 = Release|Any CPU
		{4D56EBA2-D351-4653-B2FF-53CDCA5A362C}.Debug|Any CPU.ActiveCfg = Debug|Any CPU
		{4D56EBA2-D351-4653-B2FF-53CDCA5A362C}.Debug|Any CPU.Build.0 = Debug|Any CPU
		{4D56EBA2-D351-4653-B2FF-53CDCA5A362C}.Release|Any CPU.ActiveCfg = Release|Any CPU
		{4D56EBA2-D351-4653-B2FF-53CDCA5A362C}.Release|Any CPU.Build.0 = Release|Any CPU
		{388CC941-6696-4CD6-9E9D-F3137A85450F}.Debug|Any CPU.ActiveCfg = Debug|Any CPU
		{388CC941-6696-4CD6-9E9D-F3137A85450F}.Debug|Any CPU.Build.0 = Debug|Any CPU
		{388CC941-6696-4CD6-9E9D-F3137A85450F}.Release|Any CPU.ActiveCfg = Release|Any CPU
		{388CC941-6696-4CD6-9E9D-F3137A85450F}.Release|Any CPU.Build.0 = Release|Any CPU
		{EF1A3AD4-3403-4066-931A-DE8557DA98D5}.Debug|Any CPU.ActiveCfg = Debug|Any CPU
		{EF1A3AD4-3403-4066-931A-DE8557DA98D5}.Debug|Any CPU.Build.0 = Debug|Any CPU
		{EF1A3AD4-3403-4066-931A-DE8557DA98D5}.Release|Any CPU.ActiveCfg = Release|Any CPU
		{EF1A3AD4-3403-4066-931A-DE8557DA98D5}.Release|Any CPU.Build.0 = Release|Any CPU
		{EE31D46E-0E71-412E-A386-81A44BA12619}.Debug|Any CPU.ActiveCfg = Debug|Any CPU
		{EE31D46E-0E71-412E-A386-81A44BA12619}.Debug|Any CPU.Build.0 = Debug|Any CPU
		{EE31D46E-0E71-412E-A386-81A44BA12619}.Release|Any CPU.ActiveCfg = Release|Any CPU
		{EE31D46E-0E71-412E-A386-81A44BA12619}.Release|Any CPU.Build.0 = Release|Any CPU
	EndGlobalSection
	GlobalSection(SolutionProperties) = preSolution
		HideSolutionNode = FALSE
	EndGlobalSection
	GlobalSection(NestedProjects) = preSolution
		{49E154B6-97E2-44C0-B99C-B8B3B1101B12} = {D99B613C-6118-470F-B224-E946C4AA926B}
		{CDCBFD2A-309B-47EB-8B1E-170C32345247} = {D99B613C-6118-470F-B224-E946C4AA926B}
		{0E56D59C-6CAB-4C15-9C0A-7F8824B7A922} = {7E272FA2-9248-4697-B93D-C7455DFEDD5B}
		{660C31EA-E7F2-4CE1-A2E1-7FE7A7D70AA1} = {7E272FA2-9248-4697-B93D-C7455DFEDD5B}
		{CA6D734B-3D7F-4C84-919D-D60DAA5A66AF} = {7E272FA2-9248-4697-B93D-C7455DFEDD5B}
		{71319B12-65C0-463A-8BD2-2396D3FC5BA5} = {D99B613C-6118-470F-B224-E946C4AA926B}
		{340E4F30-C552-46F5-8550-8C72D7BEFB54} = {D99B613C-6118-470F-B224-E946C4AA926B}
		{6C9517D0-4ECE-4816-9EB5-104F014A12B8} = {D99B613C-6118-470F-B224-E946C4AA926B}
		{5A1D57D3-D193-478A-9FCF-28A5467535FE} = {D99B613C-6118-470F-B224-E946C4AA926B}
		{3D2A95FA-5C8A-42BF-AFAF-85194A13A125} = {D99B613C-6118-470F-B224-E946C4AA926B}
		{227C1E93-9E15-4ADE-AE4F-D484B775120D} = {D99B613C-6118-470F-B224-E946C4AA926B}
		{EBCEE2A6-EC5F-4D8B-AF28-86AA65F99E81} = {D99B613C-6118-470F-B224-E946C4AA926B}
		{452F1499-23C4-4E85-8679-ECEC27DD71B8} = {D99B613C-6118-470F-B224-E946C4AA926B}
		{DDF25AB7-FEB4-4C21-8E4F-EDBCF84E1F90} = {D99B613C-6118-470F-B224-E946C4AA926B}
		{4D56EBA2-D351-4653-B2FF-53CDCA5A362C} = {D99B613C-6118-470F-B224-E946C4AA926B}
		{388CC941-6696-4CD6-9E9D-F3137A85450F} = {D99B613C-6118-470F-B224-E946C4AA926B}
		{EF1A3AD4-3403-4066-931A-DE8557DA98D5} = {D99B613C-6118-470F-B224-E946C4AA926B}
	EndGlobalSection
EndGlobal
