
Microsoft Visual Studio Solution File, Format Version 12.00
# Visual Studio 2012
Project("{FAE04EC0-301F-11D3-BF4B-00C04F79EFBC}") = "test", "test\test.csproj", "{34B95F39-41F2-403E-BF37-240ACCA3201A}"
EndProject
Project("{2150E333-8FDC-42A3-9474-1A3956D46DE8}") = "Solution Items", "Solution Items", "{563530D7-02EC-4878-B4D5-57EB875CC47A}"
	ProjectSection(SolutionItems) = preProject
		..\..\..\BIN\Debug\rfcmanag.xml = ..\..\..\BIN\Debug\rfcmanag.xml
	EndProjectSection
EndProject
Global
	GlobalSection(SolutionConfigurationPlatforms) = preSolution
		Debug|Any CPU = Debug|Any CPU
		Release|Any CPU = Release|Any CPU
	EndGlobalSection
	GlobalSection(ProjectConfigurationPlatforms) = postSolution
		{34B95F39-41F2-403E-BF37-240ACCA3201A}.Debug|Any CPU.ActiveCfg = Debug|Any CPU
		{34B95F39-41F2-403E-BF37-240ACCA3201A}.Debug|Any CPU.Build.0 = Debug|Any CPU
		{34B95F39-41F2-403E-BF37-240ACCA3201A}.Release|Any CPU.ActiveCfg = Release|Any CPU
		{34B95F39-41F2-403E-BF37-240ACCA3201A}.Release|Any CPU.Build.0 = Release|Any CPU
	EndGlobalSection
	GlobalSection(SolutionProperties) = preSolution
		HideSolutionNode = FALSE
	EndGlobalSection
EndGlobal
